
Microsoft Visual Studio Solution File, Format Version 12.00
# Visual Studio Version 16
VisualStudioVersion = 16.0.29020.237
MinimumVisualStudioVersion = 10.0.40219.1
Project("{8BC9CEB8-8B4A-11D0-8D11-00A0C91BC942}") = "P1002", "P1002\P1002.vcxproj", "{5179CA83-35E7-4DFB-B591-2B223E4A05CA}"
EndProject
Project("{8BC9CEB8-8B4A-11D0-8D11-00A0C91BC942}") = "P1004", "P1004\P1004.vcxproj", "{6CBC365D-2CCB-4050-9982-F152D0D28FAB}"
EndProject
Project("{8BC9CEB8-8B4A-11D0-8D11-00A0C91BC942}") = "P4715", "P4715\P4715.vcxproj", "{FE5D1088-DC63-4B12-A1DA-9B01EB1CF6E4}"
EndProject
Project("{8BC9CEB8-8B4A-11D0-8D11-00A0C91BC942}") = "P4913", "P4913\P4913.vcxproj", "{5DF7D3CC-3E9F-4228-AD3A-4C9BA37F79BC}"
EndProject
Project("{8BC9CEB8-8B4A-11D0-8D11-00A0C91BC942}") = "P1827", "P1827\P1827.vcxproj", "{C7380534-4F88-430D-A292-BF1454061736}"
EndProject
Project("{8BC9CEB8-8B4A-11D0-8D11-00A0C91BC942}") = "P5076", "P5076\P5076.vcxproj", "{CE527491-2D28-4000-A3CF-A662A5B15222}"
EndProject
Global
	GlobalSection(SolutionConfigurationPlatforms) = preSolution
		Debug|x64 = Debug|x64
		Debug|x86 = Debug|x86
		Release|x64 = Release|x64
		Release|x86 = Release|x86
	EndGlobalSection
	GlobalSection(ProjectConfigurationPlatforms) = postSolution
		{5179CA83-35E7-4DFB-B591-2B223E4A05CA}.Debug|x64.ActiveCfg = Debug|x64
		{5179CA83-35E7-4DFB-B591-2B223E4A05CA}.Debug|x64.Build.0 = Debug|x64
		{5179CA83-35E7-4DFB-B591-2B223E4A05CA}.Debug|x86.ActiveCfg = Debug|Win32
		{5179CA83-35E7-4DFB-B591-2B223E4A05CA}.Debug|x86.Build.0 = Debug|Win32
		{5179CA83-35E7-4DFB-B591-2B223E4A05CA}.Release|x64.ActiveCfg = Release|x64
		{5179CA83-35E7-4DFB-B591-2B223E4A05CA}.Release|x64.Build.0 = Release|x64
		{5179CA83-35E7-4DFB-B591-2B223E4A05CA}.Release|x86.ActiveCfg = Release|Win32
		{5179CA83-35E7-4DFB-B591-2B223E4A05CA}.Release|x86.Build.0 = Release|Win32
		{6CBC365D-2CCB-4050-9982-F152D0D28FAB}.Debug|x64.ActiveCfg = Debug|x64
		{6CBC365D-2CCB-4050-9982-F152D0D28FAB}.Debug|x64.Build.0 = Debug|x64
		{6CBC365D-2CCB-4050-9982-F152D0D28FAB}.Debug|x86.ActiveCfg = Debug|Win32
		{6CBC365D-2CCB-4050-9982-F152D0D28FAB}.Debug|x86.Build.0 = Debug|Win32
		{6CBC365D-2CCB-4050-9982-F152D0D28FAB}.Release|x64.ActiveCfg = Release|x64
		{6CBC365D-2CCB-4050-9982-F152D0D28FAB}.Release|x64.Build.0 = Release|x64
		{6CBC365D-2CCB-4050-9982-F152D0D28FAB}.Release|x86.ActiveCfg = Release|Win32
		{6CBC365D-2CCB-4050-9982-F152D0D28FAB}.Release|x86.Build.0 = Release|Win32
		{FE5D1088-DC63-4B12-A1DA-9B01EB1CF6E4}.Debug|x64.ActiveCfg = Debug|x64
		{FE5D1088-DC63-4B12-A1DA-9B01EB1CF6E4}.Debug|x64.Build.0 = Debug|x64
		{FE5D1088-DC63-4B12-A1DA-9B01EB1CF6E4}.Debug|x86.ActiveCfg = Debug|Win32
		{FE5D1088-DC63-4B12-A1DA-9B01EB1CF6E4}.Debug|x86.Build.0 = Debug|Win32
		{FE5D1088-DC63-4B12-A1DA-9B01EB1CF6E4}.Release|x64.ActiveCfg = Release|x64
		{FE5D1088-DC63-4B12-A1DA-9B01EB1CF6E4}.Release|x64.Build.0 = Release|x64
		{FE5D1088-DC63-4B12-A1DA-9B01EB1CF6E4}.Release|x86.ActiveCfg = Release|Win32
		{FE5D1088-DC63-4B12-A1DA-9B01EB1CF6E4}.Release|x86.Build.0 = Release|Win32
		{5DF7D3CC-3E9F-4228-AD3A-4C9BA37F79BC}.Debug|x64.ActiveCfg = Debug|x64
		{5DF7D3CC-3E9F-4228-AD3A-4C9BA37F79BC}.Debug|x64.Build.0 = Debug|x64
		{5DF7D3CC-3E9F-4228-AD3A-4C9BA37F79BC}.Debug|x86.ActiveCfg = Debug|Win32
		{5DF7D3CC-3E9F-4228-AD3A-4C9BA37F79BC}.Debug|x86.Build.0 = Debug|Win32
		{5DF7D3CC-3E9F-4228-AD3A-4C9BA37F79BC}.Release|x64.ActiveCfg = Release|x64
		{5DF7D3CC-3E9F-4228-AD3A-4C9BA37F79BC}.Release|x64.Build.0 = Release|x64
		{5DF7D3CC-3E9F-4228-AD3A-4C9BA37F79BC}.Release|x86.ActiveCfg = Release|Win32
		{5DF7D3CC-3E9F-4228-AD3A-4C9BA37F79BC}.Release|x86.Build.0 = Release|Win32
		{C7380534-4F88-430D-A292-BF1454061736}.Debug|x64.ActiveCfg = Debug|x64
		{C7380534-4F88-430D-A292-BF1454061736}.Debug|x64.Build.0 = Debug|x64
		{C7380534-4F88-430D-A292-BF1454061736}.Debug|x86.ActiveCfg = Debug|Win32
		{C7380534-4F88-430D-A292-BF1454061736}.Debug|x86.Build.0 = Debug|Win32
		{C7380534-4F88-430D-A292-BF1454061736}.Release|x64.ActiveCfg = Release|x64
		{C7380534-4F88-430D-A292-BF1454061736}.Release|x64.Build.0 = Release|x64
		{C7380534-4F88-430D-A292-BF1454061736}.Release|x86.ActiveCfg = Release|Win32
		{C7380534-4F88-430D-A292-BF1454061736}.Release|x86.Build.0 = Release|Win32
		{CE527491-2D28-4000-A3CF-A662A5B15222}.Debug|x64.ActiveCfg = Debug|x64
		{CE527491-2D28-4000-A3CF-A662A5B15222}.Debug|x64.Build.0 = Debug|x64
		{CE527491-2D28-4000-A3CF-A662A5B15222}.Debug|x86.ActiveCfg = Debug|Win32
		{CE527491-2D28-4000-A3CF-A662A5B15222}.Debug|x86.Build.0 = Debug|Win32
		{CE527491-2D28-4000-A3CF-A662A5B15222}.Release|x64.ActiveCfg = Release|x64
		{CE527491-2D28-4000-A3CF-A662A5B15222}.Release|x64.Build.0 = Release|x64
		{CE527491-2D28-4000-A3CF-A662A5B15222}.Release|x86.ActiveCfg = Release|Win32
		{CE527491-2D28-4000-A3CF-A662A5B15222}.Release|x86.Build.0 = Release|Win32
	EndGlobalSection
	GlobalSection(SolutionProperties) = preSolution
		HideSolutionNode = FALSE
	EndGlobalSection
	GlobalSection(ExtensibilityGlobals) = postSolution
		SolutionGuid = {CAE501F7-77FA-4D82-B041-EFEC0578D0ED}
	EndGlobalSection
EndGlobal
